
Microsoft Visual Studio Solution File, Format Version 12.00
# Visual Studio 14
VisualStudioVersion = 14.0.25420.1
MinimumVisualStudioVersion = 10.0.40219.1
Project("{FAE04EC0-301F-11D3-BF4B-00C04F79EFBC}") = "GUIEksamen", "GUIEksamen\GUIEksamen.csproj", "{5E059ED2-6954-4B3F-9AFD-3965AAEB8B10}"
EndProject
Project("{FAE04EC0-301F-11D3-BF4B-00C04F79EFBC}") = "Model", "Model\Model.csproj", "{BCC85FF3-A1C8-462C-A4B1-66E5C9C9E81A}"
EndProject
Project("{FAE04EC0-301F-11D3-BF4B-00C04F79EFBC}") = "WebApplication1", "WebApplication1\WebApplication1.csproj", "{B8FAF388-00AC-4F0E-A867-D858F25A34EF}"
EndProject
Global
	GlobalSection(SolutionConfigurationPlatforms) = preSolution
		Debug|Any CPU = Debug|Any CPU
		Release|Any CPU = Release|Any CPU
	EndGlobalSection
	GlobalSection(ProjectConfigurationPlatforms) = postSolution
		{5E059ED2-6954-4B3F-9AFD-3965AAEB8B10}.Debug|Any CPU.ActiveCfg = Debug|Any CPU
		{5E059ED2-6954-4B3F-9AFD-3965AAEB8B10}.Debug|Any CPU.Build.0 = Debug|Any CPU
		{5E059ED2-6954-4B3F-9AFD-3965AAEB8B10}.Release|Any CPU.ActiveCfg = Release|Any CPU
		{5E059ED2-6954-4B3F-9AFD-3965AAEB8B10}.Release|Any CPU.Build.0 = Release|Any CPU
		{BCC85FF3-A1C8-462C-A4B1-66E5C9C9E81A}.Debug|Any CPU.ActiveCfg = Debug|Any CPU
		{BCC85FF3-A1C8-462C-A4B1-66E5C9C9E81A}.Debug|Any CPU.Build.0 = Debug|Any CPU
		{BCC85FF3-A1C8-462C-A4B1-66E5C9C9E81A}.Release|Any CPU.ActiveCfg = Release|Any CPU
		{BCC85FF3-A1C8-462C-A4B1-66E5C9C9E81A}.Release|Any CPU.Build.0 = Release|Any CPU
		{B8FAF388-00AC-4F0E-A867-D858F25A34EF}.Debug|Any CPU.ActiveCfg = Debug|Any CPU
		{B8FAF388-00AC-4F0E-A867-D858F25A34EF}.Debug|Any CPU.Build.0 = Debug|Any CPU
		{B8FAF388-00AC-4F0E-A867-D858F25A34EF}.Release|Any CPU.ActiveCfg = Release|Any CPU
		{B8FAF388-00AC-4F0E-A867-D858F25A34EF}.Release|Any CPU.Build.0 = Release|Any CPU
	EndGlobalSection
	GlobalSection(SolutionProperties) = preSolution
		HideSolutionNode = FALSE
	EndGlobalSection
EndGlobal
